// !$*UTF8*$!
{
	archiveVersion = 1;
	classes = {
	};
	objectVersion = 77;
	objects = {

/* Begin PBXContainerItemProxy section */
		FA6599D22E5E57A700E2648C /* PBXContainerItemProxy */ = {
			isa = PBXContainerItemProxy;
			containerPortal = FA6599BB2E5E57A600E2648C /* Project object */;
			proxyType = 1;
			remoteGlobalIDString = FA6599C22E5E57A600E2648C;
			remoteInfo = magickPhoton;
		};
		FA6599DC2E5E57A700E2648C /* PBXContainerItemProxy */ = {
			isa = PBXContainerItemProxy;
			containerPortal = FA6599BB2E5E57A600E2648C /* Project object */;
			proxyType = 1;
			remoteGlobalIDString = FA6599C22E5E57A600E2648C;
			remoteInfo = magickPhoton;
		};
/* End PBXContainerItemProxy section */

/* Begin PBXFileReference section */
		FA6599C32E5E57A600E2648C /* magickPhoton.app */ = {isa = PBXFileReference; explicitFileType = wrapper.application; includeInIndex = 0; path = magickPhoton.app; sourceTree = BUILT_PRODUCTS_DIR; };
		FA6599D12E5E57A700E2648C /* magickPhotonTests.xctest */ = {isa = PBXFileReference; explicitFileType = wrapper.cfbundle; includeInIndex = 0; path = magickPhotonTests.xctest; sourceTree = BUILT_PRODUCTS_DIR; };
		FA6599DB2E5E57A700E2648C /* magickPhotonUITests.xctest */ = {isa = PBXFileReference; explicitFileType = wrapper.cfbundle; includeInIndex = 0; path = magickPhotonUITests.xctest; sourceTree = BUILT_PRODUCTS_DIR; };
/* End PBXFileReference section */

/* Begin PBXFileSystemSynchronizedBuildFileExceptionSet section */
		FA01767F2E60E13000DC181A /* Exceptions for "magickPhoton" folder in "magickPhotonTests" target */ = {
			isa = PBXFileSystemSynchronizedBuildFileExceptionSet;
			membershipExceptions = (
				PythonBridge.swift,
			);
			target = FA6599D02E5E57A700E2648C /* magickPhotonTests */;
		};
		FA659A012E5E57E400E2648C /* Exceptions for "magickPhoton" folder in "magickPhoton" target */ = {
			isa = PBXFileSystemSynchronizedBuildFileExceptionSet;
			membershipExceptions = (
				Assets.xcassets,
				magickPhotonApp.swift,
				PythonBridge.swift,
				Views/ContentView.swift,
				Views/ControlPanelView.swift,
				Views/CropOverlay.swift,
				Views/FileBrowserView.swift,
				Views/PreviewPanel.swift,
				Views/VideoTimelineView.swift,
			);
			target = FA6599C22E5E57A600E2648C /* magickPhoton */;
		};
/* End PBXFileSystemSynchronizedBuildFileExceptionSet section */

/* Begin PBXFileSystemSynchronizedRootGroup section */
		FA6599D42E5E57A700E2648C /* magickPhotonTests */ = {
			isa = PBXFileSystemSynchronizedRootGroup;
			path = magickPhotonTests;
			sourceTree = "<group>";
		};
		FA6599DE2E5E57A700E2648C /* magickPhotonUITests */ = {
			isa = PBXFileSystemSynchronizedRootGroup;
			path = magickPhotonUITests;
			sourceTree = "<group>";
		};
		FA6599FD2E5E57E400E2648C /* magickPhoton */ = {
			isa = PBXFileSystemSynchronizedRootGroup;
			exceptions = (
				FA659A012E5E57E400E2648C /* Exceptions for "magickPhoton" folder in "magickPhoton" target */,
				FA01767F2E60E13000DC181A /* Exceptions for "magickPhoton" folder in "magickPhotonTests" target */,
			);
			path = magickPhoton;
			sourceTree = "<group>";
		};
/* End PBXFileSystemSynchronizedRootGroup section */

/* Begin PBXFrameworksBuildPhase section */
		FA6599C02E5E57A600E2648C /* Frameworks */ = {
			isa = PBXFrameworksBuildPhase;
			buildActionMask = 2147483647;
			files = (
			);
			runOnlyForDeploymentPostprocessing = 0;
		};
		FA6599CE2E5E57A700E2648C /* Frameworks */ = {
			isa = PBXFrameworksBuildPhase;
			buildActionMask = 2147483647;
			files = (
			);
			runOnlyForDeploymentPostprocessing = 0;
		};
		FA6599D82E5E57A700E2648C /* Frameworks */ = {
			isa = PBXFrameworksBuildPhase;
			buildActionMask = 2147483647;
			files = (
			);
			runOnlyForDeploymentPostprocessing = 0;
		};
/* End PBXFrameworksBuildPhase section */

/* Begin PBXGroup section */
		FA6599BA2E5E57A600E2648C = {
			isa = PBXGroup;
			children = (
				FA6599D42E5E57A700E2648C /* magickPhotonTests */,
				FA6599DE2E5E57A700E2648C /* magickPhotonUITests */,
				FA6599C42E5E57A600E2648C /* Products */,
				FA6599FD2E5E57E400E2648C /* magickPhoton */,
			);
			sourceTree = "<group>";
		};
		FA6599C42E5E57A600E2648C /* Products */ = {
			isa = PBXGroup;
			children = (
				FA6599C32E5E57A600E2648C /* magickPhoton.app */,
				FA6599D12E5E57A700E2648C /* magickPhotonTests.xctest */,
				FA6599DB2E5E57A700E2648C /* magickPhotonUITests.xctest */,
			);
			name = Products;
			sourceTree = "<group>";
		};
/* End PBXGroup section */

/* Begin PBXNativeTarget section */
		FA6599C22E5E57A600E2648C /* magickPhoton */ = {
			isa = PBXNativeTarget;
			buildConfigurationList = FA6599E52E5E57A700E2648C /* Build configuration list for PBXNativeTarget "magickPhoton" */;
			buildPhases = (
				FA6599BF2E5E57A600E2648C /* Sources */,
				FA6599C02E5E57A600E2648C /* Frameworks */,
				FA6599C12E5E57A600E2648C /* Resources */,
			);
			buildRules = (
			);
			dependencies = (
			);
			name = magickPhoton;
			packageProductDependencies = (
			);
			productName = magickPhoton;
			productReference = FA6599C32E5E57A600E2648C /* magickPhoton.app */;
			productType = "com.apple.product-type.application";
		};
		FA6599D02E5E57A700E2648C /* magickPhotonTests */ = {
			isa = PBXNativeTarget;
			buildConfigurationList = FA6599E82E5E57A700E2648C /* Build configuration list for PBXNativeTarget "magickPhotonTests" */;
			buildPhases = (
				FA6599CD2E5E57A700E2648C /* Sources */,
				FA6599CE2E5E57A700E2648C /* Frameworks */,
				FA6599CF2E5E57A700E2648C /* Resources */,
			);
			buildRules = (
			);
			dependencies = (
				FA6599D32E5E57A700E2648C /* PBXTargetDependency */,
			);
			fileSystemSynchronizedGroups = (
				FA6599D42E5E57A700E2648C /* magickPhotonTests */,
			);
			name = magickPhotonTests;
			packageProductDependencies = (
			);
			productName = magickPhotonTests;
			productReference = FA6599D12E5E57A700E2648C /* magickPhotonTests.xctest */;
			productType = "com.apple.product-type.bundle.unit-test";
		};
		FA6599DA2E5E57A700E2648C /* magickPhotonUITests */ = {
			isa = PBXNativeTarget;
			buildConfigurationList = FA6599EB2E5E57A700E2648C /* Build configuration list for PBXNativeTarget "magickPhotonUITests" */;
			buildPhases = (
				FA6599D72E5E57A700E2648C /* Sources */,
				FA6599D82E5E57A700E2648C /* Frameworks */,
				FA6599D92E5E57A700E2648C /* Resources */,
			);
			buildRules = (
			);
			dependencies = (
				FA6599DD2E5E57A700E2648C /* PBXTargetDependency */,
			);
			fileSystemSynchronizedGroups = (
				FA6599DE2E5E57A700E2648C /* magickPhotonUITests */,
				FA6599FD2E5E57E400E2648C /* magickPhoton */,
			);
			name = magickPhotonUITests;
			packageProductDependencies = (
			);
			productName = magickPhotonUITests;
			productReference = FA6599DB2E5E57A700E2648C /* magickPhotonUITests.xctest */;
			productType = "com.apple.product-type.bundle.ui-testing";
		};
/* End PBXNativeTarget section */

/* Begin PBXProject section */
		FA6599BB2E5E57A600E2648C /* Project object */ = {
			isa = PBXProject;
			attributes = {
				BuildIndependentTargetsInParallel = 1;
				LastSwiftUpdateCheck = 1640;
				LastUpgradeCheck = 1640;
				TargetAttributes = {
					FA6599C22E5E57A600E2648C = {
						CreatedOnToolsVersion = 16.4;
					};
					FA6599D02E5E57A700E2648C = {
						CreatedOnToolsVersion = 16.4;
						TestTargetID = FA6599C22E5E57A600E2648C;
					};
					FA6599DA2E5E57A700E2648C = {
						CreatedOnToolsVersion = 16.4;
						TestTargetID = FA6599C22E5E57A600E2648C;
					};
				};
			};
			buildConfigurationList = FA6599BE2E5E57A600E2648C /* Build configuration list for PBXProject "magickPhoton" */;
			developmentRegion = en;
			hasScannedForEncodings = 0;
			knownRegions = (
				en,
				Base,
			);
			mainGroup = FA6599BA2E5E57A600E2648C;
			minimizedProjectReferenceProxies = 1;
			preferredProjectObjectVersion = 77;
			productRefGroup = FA6599C42E5E57A600E2648C /* Products */;
			projectDirPath = "";
			projectRoot = "";
			targets = (
				FA6599C22E5E57A600E2648C /* magickPhoton */,
				FA6599D02E5E57A700E2648C /* magickPhotonTests */,
				FA6599DA2E5E57A700E2648C /* magickPhotonUITests */,
			);
		};
/* End PBXProject section */

/* Begin PBXResourcesBuildPhase section */
		FA6599C12E5E57A600E2648C /* Resources */ = {
			isa = PBXResourcesBuildPhase;
			buildActionMask = 2147483647;
			files = (
			);
			runOnlyForDeploymentPostprocessing = 0;
		};
		FA6599CF2E5E57A700E2648C /* Resources */ = {
			isa = PBXResourcesBuildPhase;
			buildActionMask = 2147483647;
			files = (
			);
			runOnlyForDeploymentPostprocessing = 0;
		};
		FA6599D92E5E57A700E2648C /* Resources */ = {
			isa = PBXResourcesBuildPhase;
			buildActionMask = 2147483647;
			files = (
			);
			runOnlyForDeploymentPostprocessing = 0;
		};
/* End PBXResourcesBuildPhase section */

/* Begin PBXSourcesBuildPhase section */
		FA6599BF2E5E57A600E2648C /* Sources */ = {
			isa = PBXSourcesBuildPhase;
			buildActionMask = 2147483647;
			files = (
			);
			runOnlyForDeploymentPostprocessing = 0;
		};
		FA6599CD2E5E57A700E2648C /* Sources */ = {
			isa = PBXSourcesBuildPhase;
			buildActionMask = 2147483647;
			files = (
			);
			runOnlyForDeploymentPostprocessing = 0;
		};
		FA6599D72E5E57A700E2648C /* Sources */ = {
			isa = PBXSourcesBuildPhase;
			buildActionMask = 2147483647;
			files = (
			);
			runOnlyForDeploymentPostprocessing = 0;
		};
/* End PBXSourcesBuildPhase section */

/* Begin PBXTargetDependency section */
		FA6599D32E5E57A700E2648C /* PBXTargetDependency */ = {
			isa = PBXTargetDependency;
			target = FA6599C22E5E57A600E2648C /* magickPhoton */;
			targetProxy = FA6599D22E5E57A700E2648C /* PBXContainerItemProxy */;
		};
		FA6599DD2E5E57A700E2648C /* PBXTargetDependency */ = {
			isa = PBXTargetDependency;
			target = FA6599C22E5E57A600E2648C /* magickPhoton */;
			targetProxy = FA6599DC2E5E57A700E2648C /* PBXContainerItemProxy */;
		};
/* End PBXTargetDependency section */

/* Begin XCBuildConfiguration section */
		FA6599E32E5E57A700E2648C /* Debug */ = {
			isa = XCBuildConfiguration;
			buildSettings = {
				ALWAYS_SEARCH_USER_PATHS = NO;
				ASSETCATALOG_COMPILER_GENERATE_SWIFT_ASSET_SYMBOL_EXTENSIONS = YES;
				CLANG_ANALYZER_NONNULL = YES;
				CLANG_ANALYZER_NUMBER_OBJECT_CONVERSION = YES_AGGRESSIVE;
				CLANG_CXX_LANGUAGE_STANDARD = "gnu++20";
				CLANG_ENABLE_MODULES = YES;
				CLANG_ENABLE_OBJC_ARC = YES;
				CLANG_ENABLE_OBJC_WEAK = YES;
				CLANG_WARN_BLOCK_CAPTURE_AUTORELEASING = YES;
				CLANG_WARN_BOOL_CONVERSION = YES;
				CLANG_WARN_COMMA = YES;
				CLANG_WARN_CONSTANT_CONVERSION = YES;
				CLANG_WARN_DEPRECATED_OBJC_IMPLEMENTATIONS = YES;
				CLANG_WARN_DIRECT_OBJC_ISA_USAGE = YES_ERROR;
				CLANG_WARN_DOCUMENTATION_COMMENTS = YES;
				CLANG_WARN_EMPTY_BODY = YES;
				CLANG_WARN_ENUM_CONVERSION = YES;
				CLANG_WARN_INFINITE_RECURSION = YES;
				CLANG_WARN_INT_CONVERSION = YES;
				CLANG_WARN_NON_LITERAL_NULL_CONVERSION = YES;
				CLANG_WARN_OBJC_IMPLICIT_RETAIN_SELF = YES;
				CLANG_WARN_OBJC_LITERAL_CONVERSION = YES;
				CLANG_WARN_OBJC_ROOT_CLASS = YES_ERROR;
				CLANG_WARN_QUOTED_INCLUDE_IN_FRAMEWORK_HEADER = YES;
				CLANG_WARN_RANGE_LOOP_ANALYSIS = YES;
				CLANG_WARN_STRICT_PROTOTYPES = YES;
				CLANG_WARN_SUSPICIOUS_MOVE = YES;
				CLANG_WARN_UNGUARDED_AVAILABILITY = YES_AGGRESSIVE;
				CLANG_WARN_UNREACHABLE_CODE = YES;
				CLANG_WARN__DUPLICATE_METHOD_MATCH = YES;
				COPY_PHASE_STRIP = NO;
				DEBUG_INFORMATION_FORMAT = dwarf;
				ENABLE_STRICT_OBJC_MSGSEND = YES;
				ENABLE_TESTABILITY = YES;
				ENABLE_USER_SCRIPT_SANDBOXING = YES;
				GCC_C_LANGUAGE_STANDARD = gnu17;
				GCC_DYNAMIC_NO_PIC = NO;
				GCC_NO_COMMON_BLOCKS = YES;
				GCC_OPTIMIZATION_LEVEL = 0;
				GCC_PREPROCESSOR_DEFINITIONS = (
					"DEBUG=1",
					"$(inherited)",
				);
				GCC_WARN_64_TO_32_BIT_CONVERSION = YES;
				GCC_WARN_ABOUT_RETURN_TYPE = YES_ERROR;
				GCC_WARN_UNDECLARED_SELECTOR = YES;
				GCC_WARN_UNINITIALIZED_AUTOS = YES_AGGRESSIVE;
				GCC_WARN_UNUSED_FUNCTION = YES;
				GCC_WARN_UNUSED_VARIABLE = YES;
				LOCALIZATION_PREFERS_STRING_CATALOGS = YES;
				MACOSX_DEPLOYMENT_TARGET = 15.5;
				MTL_ENABLE_DEBUG_INFO = INCLUDE_SOURCE;
				MTL_FAST_MATH = YES;
				ONLY_ACTIVE_ARCH = YES;
				SDKROOT = macosx;
				SWIFT_ACTIVE_COMPILATION_CONDITIONS = "DEBUG $(inherited)";
				SWIFT_OPTIMIZATION_LEVEL = "-Onone";
			};
			name = Debug;
		};
		FA6599E42E5E57A700E2648C /* Release */ = {
			isa = XCBuildConfiguration;
			buildSettings = {
				ALWAYS_SEARCH_USER_PATHS = NO;
				ASSETCATALOG_COMPILER_GENERATE_SWIFT_ASSET_SYMBOL_EXTENSIONS = YES;
				CLANG_ANALYZER_NONNULL = YES;
				CLANG_ANALYZER_NUMBER_OBJECT_CONVERSION = YES_AGGRESSIVE;
				CLANG_CXX_LANGUAGE_STANDARD = "gnu++20";
				CLANG_ENABLE_MODULES = YES;
				CLANG_ENABLE_OBJC_ARC = YES;
				CLANG_ENABLE_OBJC_WEAK = YES;
				CLANG_WARN_BLOCK_CAPTURE_AUTORELEASING = YES;
				CLANG_WARN_BOOL_CONVERSION = YES;
				CLANG_WARN_COMMA = YES;
				CLANG_WARN_CONSTANT_CONVERSION = YES;
				CLANG_WARN_DEPRECATED_OBJC_IMPLEMENTATIONS = YES;
				CLANG_WARN_DIRECT_OBJC_ISA_USAGE = YES_ERROR;
				CLANG_WARN_DOCUMENTATION_COMMENTS = YES;
				CLANG_WARN_EMPTY_BODY = YES;
				CLANG_WARN_ENUM_CONVERSION = YES;
				CLANG_WARN_INFINITE_RECURSION = YES;
				CLANG_WARN_INT_CONVERSION = YES;
				CLANG_WARN_NON_LITERAL_NULL_CONVERSION = YES;
				CLANG_WARN_OBJC_IMPLICIT_RETAIN_SELF = YES;
				CLANG_WARN_OBJC_LITERAL_CONVERSION = YES;
				CLANG_WARN_OBJC_ROOT_CLASS = YES_ERROR;
				CLANG_WARN_QUOTED_INCLUDE_IN_FRAMEWORK_HEADER = YES;
				CLANG_WARN_RANGE_LOOP_ANALYSIS = YES;
				CLANG_WARN_STRICT_PROTOTYPES = YES;
				CLANG_WARN_SUSPICIOUS_MOVE = YES;
				CLANG_WARN_UNGUARDED_AVAILABILITY = YES_AGGRESSIVE;
				CLANG_WARN_UNREACHABLE_CODE = YES;
				CLANG_WARN__DUPLICATE_METHOD_MATCH = YES;
				COPY_PHASE_STRIP = NO;
				DEBUG_INFORMATION_FORMAT = "dwarf-with-dsym";
				ENABLE_NS_ASSERTIONS = NO;
				ENABLE_STRICT_OBJC_MSGSEND = YES;
				ENABLE_USER_SCRIPT_SANDBOXING = YES;
				GCC_C_LANGUAGE_STANDARD = gnu17;
				GCC_NO_COMMON_BLOCKS = YES;
				GCC_WARN_64_TO_32_BIT_CONVERSION = YES;
				GCC_WARN_ABOUT_RETURN_TYPE = YES_ERROR;
				GCC_WARN_UNDECLARED_SELECTOR = YES;
				GCC_WARN_UNINITIALIZED_AUTOS = YES_AGGRESSIVE;
				GCC_WARN_UNUSED_FUNCTION = YES;
				GCC_WARN_UNUSED_VARIABLE = YES;
				LOCALIZATION_PREFERS_STRING_CATALOGS = YES;
				MACOSX_DEPLOYMENT_TARGET = 15.5;
				MTL_ENABLE_DEBUG_INFO = NO;
				MTL_FAST_MATH = YES;
				SDKROOT = macosx;
				SWIFT_COMPILATION_MODE = wholemodule;
			};
			name = Release;
		};
		FA6599E62E5E57A700E2648C /* Debug */ = {
			isa = XCBuildConfiguration;
			buildSettings = {
				ASSETCATALOG_COMPILER_APPICON_NAME = AppIcon;
				ASSETCATALOG_COMPILER_GLOBAL_ACCENT_COLOR_NAME = AccentColor;
				CODE_SIGN_ENTITLEMENTS = magickPhoton/magickPhoton.entitlements;
				CODE_SIGN_STYLE = Automatic;
				COMBINE_HIDPI_IMAGES = YES;
				CURRENT_PROJECT_VERSION = 1;
				ENABLE_PREVIEWS = YES;
				GENERATE_INFOPLIST_FILE = YES;
				INFOPLIST_KEY_NSHumanReadableCopyright = "";
				LD_RUNPATH_SEARCH_PATHS = (
					"$(inherited)",
					"@executable_path/../Frameworks",
				);
				MARKETING_VERSION = 1.0;
				PRODUCT_BUNDLE_IDENTIFIER = "-.magickPhoton";
				PRODUCT_NAME = "$(TARGET_NAME)";
				REGISTER_APP_GROUPS = YES;
				SWIFT_EMIT_LOC_STRINGS = YES;
				SWIFT_VERSION = 5.0;
			};
			name = Debug;
		};
		FA6599E72E5E57A700E2648C /* Release */ = {
			isa = XCBuildConfiguration;
			buildSettings = {
				ASSETCATALOG_COMPILER_APPICON_NAME = AppIcon;
				ASSETCATALOG_COMPILER_GLOBAL_ACCENT_COLOR_NAME = AccentColor;
				CODE_SIGN_ENTITLEMENTS = magickPhoton/magickPhoton.entitlements;
				CODE_SIGN_STYLE = Automatic;
				COMBINE_HIDPI_IMAGES = YES;
				CURRENT_PROJECT_VERSION = 1;
				ENABLE_PREVIEWS = YES;
				GENERATE_INFOPLIST_FILE = YES;
				INFOPLIST_KEY_NSHumanReadableCopyright = "";
				LD_RUNPATH_SEARCH_PATHS = (
					"$(inherited)",
					"@executable_path/../Frameworks",
				);
				MARKETING_VERSION = 1.0;
				PRODUCT_BUNDLE_IDENTIFIER = "-.magickPhoton";
				PRODUCT_NAME = "$(TARGET_NAME)";
				REGISTER_APP_GROUPS = YES;
				SWIFT_EMIT_LOC_STRINGS = YES;
				SWIFT_VERSION = 5.0;
			};
			name = Release;
		};
		FA6599E92E5E57A700E2648C /* Debug */ = {
			isa = XCBuildConfiguration;
			buildSettings = {
				BUNDLE_LOADER = "$(TEST_HOST)";
				CODE_SIGN_STYLE = Automatic;
				CURRENT_PROJECT_VERSION = 1;
				GENERATE_INFOPLIST_FILE = YES;
				MACOSX_DEPLOYMENT_TARGET = 15.5;
				MARKETING_VERSION = 1.0;
				PRODUCT_BUNDLE_IDENTIFIER = "-.magickPhotonTests";
				PRODUCT_NAME = "$(TARGET_NAME)";
				SWIFT_EMIT_LOC_STRINGS = NO;
				SWIFT_VERSION = 5.0;
				TEST_HOST = "$(BUILT_PRODUCTS_DIR)/magickPhoton.app/$(BUNDLE_EXECUTABLE_FOLDER_PATH)/magickPhoton";
			};
			name = Debug;
		};
		FA6599EA2E5E57A700E2648C /* Release */ = {
			isa = XCBuildConfiguration;
			buildSettings = {
				BUNDLE_LOADER = "$(TEST_HOST)";
				CODE_SIGN_STYLE = Automatic;
				CURRENT_PROJECT_VERSION = 1;
				GENERATE_INFOPLIST_FILE = YES;
				MACOSX_DEPLOYMENT_TARGET = 15.5;
				MARKETING_VERSION = 1.0;
				PRODUCT_BUNDLE_IDENTIFIER = "-.magickPhotonTests";
				PRODUCT_NAME = "$(TARGET_NAME)";
				SWIFT_EMIT_LOC_STRINGS = NO;
				SWIFT_VERSION = 5.0;
				TEST_HOST = "$(BUILT_PRODUCTS_DIR)/magickPhoton.app/$(BUNDLE_EXECUTABLE_FOLDER_PATH)/magickPhoton";
			};
			name = Release;
		};
		FA6599EC2E5E57A700E2648C /* Debug */ = {
			isa = XCBuildConfiguration;
			buildSettings = {
				CODE_SIGN_STYLE = Automatic;
				CURRENT_PROJECT_VERSION = 1;
				GENERATE_INFOPLIST_FILE = YES;
				MARKETING_VERSION = 1.0;
				PRODUCT_BUNDLE_IDENTIFIER = "-.magickPhotonUITests";
				PRODUCT_NAME = "$(TARGET_NAME)";
				SWIFT_EMIT_LOC_STRINGS = NO;
				SWIFT_VERSION = 5.0;
				TEST_TARGET_NAME = magickPhoton;
			};
			name = Debug;
		};
		FA6599ED2E5E57A700E2648C /* Release */ = {
			isa = XCBuildConfiguration;
			buildSettings = {
				CODE_SIGN_STYLE = Automatic;
				CURRENT_PROJECT_VERSION = 1;
				GENERATE_INFOPLIST_FILE = YES;
				MARKETING_VERSION = 1.0;
				PRODUCT_BUNDLE_IDENTIFIER = "-.magickPhotonUITests";
				PRODUCT_NAME = "$(TARGET_NAME)";
				SWIFT_EMIT_LOC_STRINGS = NO;
				SWIFT_VERSION = 5.0;
				TEST_TARGET_NAME = magickPhoton;
			};
			name = Release;
		};
/* End XCBuildConfiguration section */

/* Begin XCConfigurationList section */
		FA6599BE2E5E57A600E2648C /* Build configuration list for PBXProject "magickPhoton" */ = {
			isa = XCConfigurationList;
			buildConfigurations = (
				FA6599E32E5E57A700E2648C /* Debug */,
				FA6599E42E5E57A700E2648C /* Release */,
			);
			defaultConfigurationIsVisible = 0;
			defaultConfigurationName = Release;
		};
		FA6599E52E5E57A700E2648C /* Build configuration list for PBXNativeTarget "magickPhoton" */ = {
			isa = XCConfigurationList;
			buildConfigurations = (
				FA6599E62E5E57A700E2648C /* Debug */,
				FA6599E72E5E57A700E2648C /* Release */,
			);
			defaultConfigurationIsVisible = 0;
			defaultConfigurationName = Release;
		};
		FA6599E82E5E57A700E2648C /* Build configuration list for PBXNativeTarget "magickPhotonTests" */ = {
			isa = XCConfigurationList;
			buildConfigurations = (
				FA6599E92E5E57A700E2648C /* Debug */,
				FA6599EA2E5E57A700E2648C /* Release */,
			);
			defaultConfigurationIsVisible = 0;
			defaultConfigurationName = Release;
		};
		FA6599EB2E5E57A700E2648C /* Build configuration list for PBXNativeTarget "magickPhotonUITests" */ = {
			isa = XCConfigurationList;
			buildConfigurations = (
				FA6599EC2E5E57A700E2648C /* Debug */,
				FA6599ED2E5E57A700E2648C /* Release */,
			);
			defaultConfigurationIsVisible = 0;
			defaultConfigurationName = Release;
		};
/* End XCConfigurationList section */
	};
	rootObject = FA6599BB2E5E57A600E2648C /* Project object */;
}
